// !$*UTF8*$!
{
	archiveVersion = 1;
	classes = {
	};
	objectVersion = 51;
	objects = {

/* Begin PBXBuildFile section */
		ACA21F01240CA5460041437C /* AppDelegate.swift in Sources */ = {isa = PBXBuildFile; fileRef = ACA21F00240CA5460041437C /* AppDelegate.swift */; };
		ACA21F03240CA5460041437C /* SceneDelegate.swift in Sources */ = {isa = PBXBuildFile; fileRef = ACA21F02240CA5460041437C /* SceneDelegate.swift */; };
		ACA21F05240CA5460041437C /* ViewController.swift in Sources */ = {isa = PBXBuildFile; fileRef = ACA21F04240CA5460041437C /* ViewController.swift */; };
		ACA21F08240CA5460041437C /* Main.storyboard in Resources */ = {isa = PBXBuildFile; fileRef = ACA21F06240CA5460041437C /* Main.storyboard */; };
		ACA21F0A240CA54A0041437C /* Assets.xcassets in Resources */ = {isa = PBXBuildFile; fileRef = ACA21F09240CA54A0041437C /* Assets.xcassets */; };
		ACA21F0D240CA54A0041437C /* LaunchScreen.storyboard in Resources */ = {isa = PBXBuildFile; fileRef = ACA21F0B240CA54A0041437C /* LaunchScreen.storyboard */; };
		ACA21F18240CA54B0041437C /* SafelySentTests.swift in Sources */ = {isa = PBXBuildFile; fileRef = ACA21F17240CA54B0041437C /* SafelySentTests.swift */; };
		ACA21F23240CA54B0041437C /* SafelySentUITests.swift in Sources */ = {isa = PBXBuildFile; fileRef = ACA21F22240CA54B0041437C /* SafelySentUITests.swift */; };
		ACA21F31240CA60B0041437C /* GoogleService-Info.plist in Resources */ = {isa = PBXBuildFile; fileRef = ACA21F30240CA60B0041437C /* GoogleService-Info.plist */; };
		ACD03916240CA9A30073F4E5 /* imgs in Resources */ = {isa = PBXBuildFile; fileRef = ACD03915240CA9A30073F4E5 /* imgs */; };
		CB97C7C5A90E715352BA3B9A /* Pods_SafelySent.framework in Frameworks */ = {isa = PBXBuildFile; fileRef = E68B61E78D81B1202DDBD398 /* Pods_SafelySent.framework */; };
		D0015CDA457BD9F13581E634 /* Pods_SafelySentTests.framework in Frameworks */ = {isa = PBXBuildFile; fileRef = 7ABE2787D0511BFE2ABF9D99 /* Pods_SafelySentTests.framework */; };
		ED8B957864BA8006D7766A21 /* Pods_SafelySent_SafelySentUITests.framework in Frameworks */ = {isa = PBXBuildFile; fileRef = 2CF981129B1F1B5B17CD2D07 /* Pods_SafelySent_SafelySentUITests.framework */; };
/* End PBXBuildFile section */

/* Begin PBXContainerItemProxy section */
		ACA21F14240CA54B0041437C /* PBXContainerItemProxy */ = {
			isa = PBXContainerItemProxy;
			containerPortal = ACA21EF5240CA5450041437C /* Project object */;
			proxyType = 1;
			remoteGlobalIDString = ACA21EFC240CA5450041437C;
			remoteInfo = SafelySent;
		};
		ACA21F1F240CA54B0041437C /* PBXContainerItemProxy */ = {
			isa = PBXContainerItemProxy;
			containerPortal = ACA21EF5240CA5450041437C /* Project object */;
			proxyType = 1;
			remoteGlobalIDString = ACA21EFC240CA5450041437C;
			remoteInfo = SafelySent;
		};
/* End PBXContainerItemProxy section */

/* Begin PBXFileReference section */
		023A474FDEFB5EDDEF9E6B4B /* Pods-SafelySent.debug.xcconfig */ = {isa = PBXFileReference; includeInIndex = 1; lastKnownFileType = text.xcconfig; name = "Pods-SafelySent.debug.xcconfig"; path = "Target Support Files/Pods-SafelySent/Pods-SafelySent.debug.xcconfig"; sourceTree = "<group>"; };
		225E5541B3FF2862A1046A35 /* Pods-SafelySent.release.xcconfig */ = {isa = PBXFileReference; includeInIndex = 1; lastKnownFileType = text.xcconfig; name = "Pods-SafelySent.release.xcconfig"; path = "Target Support Files/Pods-SafelySent/Pods-SafelySent.release.xcconfig"; sourceTree = "<group>"; };
		2CF981129B1F1B5B17CD2D07 /* Pods_SafelySent_SafelySentUITests.framework */ = {isa = PBXFileReference; explicitFileType = wrapper.framework; includeInIndex = 0; path = Pods_SafelySent_SafelySentUITests.framework; sourceTree = BUILT_PRODUCTS_DIR; };
		3137183FD46CBB24FC96F421 /* Pods-SafelySent-SafelySentUITests.release.xcconfig */ = {isa = PBXFileReference; includeInIndex = 1; lastKnownFileType = text.xcconfig; name = "Pods-SafelySent-SafelySentUITests.release.xcconfig"; path = "Target Support Files/Pods-SafelySent-SafelySentUITests/Pods-SafelySent-SafelySentUITests.release.xcconfig"; sourceTree = "<group>"; };
		599F6C0DD368929BA305BE41 /* Pods-SafelySent-SafelySentUITests.debug.xcconfig */ = {isa = PBXFileReference; includeInIndex = 1; lastKnownFileType = text.xcconfig; name = "Pods-SafelySent-SafelySentUITests.debug.xcconfig"; path = "Target Support Files/Pods-SafelySent-SafelySentUITests/Pods-SafelySent-SafelySentUITests.debug.xcconfig"; sourceTree = "<group>"; };
		7ABE2787D0511BFE2ABF9D99 /* Pods_SafelySentTests.framework */ = {isa = PBXFileReference; explicitFileType = wrapper.framework; includeInIndex = 0; path = Pods_SafelySentTests.framework; sourceTree = BUILT_PRODUCTS_DIR; };
		7B786638AF5A9B81277861C6 /* Pods-SafelySentTests.release.xcconfig */ = {isa = PBXFileReference; includeInIndex = 1; lastKnownFileType = text.xcconfig; name = "Pods-SafelySentTests.release.xcconfig"; path = "Target Support Files/Pods-SafelySentTests/Pods-SafelySentTests.release.xcconfig"; sourceTree = "<group>"; };
		AA6076E88D9DA8C1F2BD3B09 /* Pods-SafelySentTests.debug.xcconfig */ = {isa = PBXFileReference; includeInIndex = 1; lastKnownFileType = text.xcconfig; name = "Pods-SafelySentTests.debug.xcconfig"; path = "Target Support Files/Pods-SafelySentTests/Pods-SafelySentTests.debug.xcconfig"; sourceTree = "<group>"; };
		ACA21EFD240CA5450041437C /* SafelySent.app */ = {isa = PBXFileReference; explicitFileType = wrapper.application; includeInIndex = 0; path = SafelySent.app; sourceTree = BUILT_PRODUCTS_DIR; };
		ACA21F00240CA5460041437C /* AppDelegate.swift */ = {isa = PBXFileReference; lastKnownFileType = sourcecode.swift; path = AppDelegate.swift; sourceTree = "<group>"; };
		ACA21F02240CA5460041437C /* SceneDelegate.swift */ = {isa = PBXFileReference; lastKnownFileType = sourcecode.swift; path = SceneDelegate.swift; sourceTree = "<group>"; };
		ACA21F04240CA5460041437C /* ViewController.swift */ = {isa = PBXFileReference; lastKnownFileType = sourcecode.swift; path = ViewController.swift; sourceTree = "<group>"; };
		ACA21F07240CA5460041437C /* Base */ = {isa = PBXFileReference; lastKnownFileType = file.storyboard; name = Base; path = Base.lproj/Main.storyboard; sourceTree = "<group>"; };
		ACA21F09240CA54A0041437C /* Assets.xcassets */ = {isa = PBXFileReference; lastKnownFileType = folder.assetcatalog; path = Assets.xcassets; sourceTree = "<group>"; };
		ACA21F0C240CA54A0041437C /* Base */ = {isa = PBXFileReference; lastKnownFileType = file.storyboard; name = Base; path = Base.lproj/LaunchScreen.storyboard; sourceTree = "<group>"; };
		ACA21F0E240CA54A0041437C /* Info.plist */ = {isa = PBXFileReference; lastKnownFileType = text.plist.xml; path = Info.plist; sourceTree = "<group>"; };
		ACA21F13240CA54B0041437C /* SafelySentTests.xctest */ = {isa = PBXFileReference; explicitFileType = wrapper.cfbundle; includeInIndex = 0; path = SafelySentTests.xctest; sourceTree = BUILT_PRODUCTS_DIR; };
		ACA21F17240CA54B0041437C /* SafelySentTests.swift */ = {isa = PBXFileReference; lastKnownFileType = sourcecode.swift; path = SafelySentTests.swift; sourceTree = "<group>"; };
		ACA21F19240CA54B0041437C /* Info.plist */ = {isa = PBXFileReference; lastKnownFileType = text.plist.xml; path = Info.plist; sourceTree = "<group>"; };
		ACA21F1E240CA54B0041437C /* SafelySentUITests.xctest */ = {isa = PBXFileReference; explicitFileType = wrapper.cfbundle; includeInIndex = 0; path = SafelySentUITests.xctest; sourceTree = BUILT_PRODUCTS_DIR; };
		ACA21F22240CA54B0041437C /* SafelySentUITests.swift */ = {isa = PBXFileReference; lastKnownFileType = sourcecode.swift; path = SafelySentUITests.swift; sourceTree = "<group>"; };
		ACA21F24240CA54B0041437C /* Info.plist */ = {isa = PBXFileReference; lastKnownFileType = text.plist.xml; path = Info.plist; sourceTree = "<group>"; };
		ACA21F30240CA60B0041437C /* GoogleService-Info.plist */ = {isa = PBXFileReference; fileEncoding = 4; lastKnownFileType = text.plist.xml; path = "GoogleService-Info.plist"; sourceTree = "<group>"; };
		ACD03915240CA9A30073F4E5 /* imgs */ = {isa = PBXFileReference; lastKnownFileType = folder; path = imgs; sourceTree = "<group>"; };
		E68B61E78D81B1202DDBD398 /* Pods_SafelySent.framework */ = {isa = PBXFileReference; explicitFileType = wrapper.framework; includeInIndex = 0; path = Pods_SafelySent.framework; sourceTree = BUILT_PRODUCTS_DIR; };
/* End PBXFileReference section */

/* Begin PBXFrameworksBuildPhase section */
		ACA21EFA240CA5450041437C /* Frameworks */ = {
			isa = PBXFrameworksBuildPhase;
			buildActionMask = 2147483647;
			files = (
				CB97C7C5A90E715352BA3B9A /* Pods_SafelySent.framework in Frameworks */,
			);
			runOnlyForDeploymentPostprocessing = 0;
		};
		ACA21F10240CA54B0041437C /* Frameworks */ = {
			isa = PBXFrameworksBuildPhase;
			buildActionMask = 2147483647;
			files = (
				D0015CDA457BD9F13581E634 /* Pods_SafelySentTests.framework in Frameworks */,
			);
			runOnlyForDeploymentPostprocessing = 0;
		};
		ACA21F1B240CA54B0041437C /* Frameworks */ = {
			isa = PBXFrameworksBuildPhase;
			buildActionMask = 2147483647;
			files = (
				ED8B957864BA8006D7766A21 /* Pods_SafelySent_SafelySentUITests.framework in Frameworks */,
			);
			runOnlyForDeploymentPostprocessing = 0;
		};
/* End PBXFrameworksBuildPhase section */

/* Begin PBXGroup section */
		0E203D1CD367A018D27F9CB4 /* Frameworks */ = {
			isa = PBXGroup;
			children = (
				E68B61E78D81B1202DDBD398 /* Pods_SafelySent.framework */,
				2CF981129B1F1B5B17CD2D07 /* Pods_SafelySent_SafelySentUITests.framework */,
				7ABE2787D0511BFE2ABF9D99 /* Pods_SafelySentTests.framework */,
			);
			name = Frameworks;
			sourceTree = "<group>";
		};
		ACA21EF4240CA5450041437C = {
			isa = PBXGroup;
			children = (
				ACA21EFF240CA5450041437C /* SafelySent */,
				ACA21F16240CA54B0041437C /* SafelySentTests */,
				ACA21F21240CA54B0041437C /* SafelySentUITests */,
				ACA21EFE240CA5450041437C /* Products */,
				C4074651F0466FB8F16DE55B /* Pods */,
				0E203D1CD367A018D27F9CB4 /* Frameworks */,
			);
			sourceTree = "<group>";
		};
		ACA21EFE240CA5450041437C /* Products */ = {
			isa = PBXGroup;
			children = (
				ACA21EFD240CA5450041437C /* SafelySent.app */,
				ACA21F13240CA54B0041437C /* SafelySentTests.xctest */,
				ACA21F1E240CA54B0041437C /* SafelySentUITests.xctest */,
			);
			name = Products;
			sourceTree = "<group>";
		};
		ACA21EFF240CA5450041437C /* SafelySent */ = {
			isa = PBXGroup;
			children = (
				ACA21F30240CA60B0041437C /* GoogleService-Info.plist */,
				ACA21F00240CA5460041437C /* AppDelegate.swift */,
				ACA21F02240CA5460041437C /* SceneDelegate.swift */,
				ACA21F04240CA5460041437C /* ViewController.swift */,
				ACA21F06240CA5460041437C /* Main.storyboard */,
				ACA21F09240CA54A0041437C /* Assets.xcassets */,
				ACA21F0B240CA54A0041437C /* LaunchScreen.storyboard */,
				ACA21F0E240CA54A0041437C /* Info.plist */,
				ACD03915240CA9A30073F4E5 /* imgs */,
			);
			path = SafelySent;
			sourceTree = "<group>";
		};
		ACA21F16240CA54B0041437C /* SafelySentTests */ = {
			isa = PBXGroup;
			children = (
				ACA21F17240CA54B0041437C /* SafelySentTests.swift */,
				ACA21F19240CA54B0041437C /* Info.plist */,
			);
			path = SafelySentTests;
			sourceTree = "<group>";
		};
		ACA21F21240CA54B0041437C /* SafelySentUITests */ = {
			isa = PBXGroup;
			children = (
				ACA21F22240CA54B0041437C /* SafelySentUITests.swift */,
				ACA21F24240CA54B0041437C /* Info.plist */,
			);
			path = SafelySentUITests;
			sourceTree = "<group>";
		};
		C4074651F0466FB8F16DE55B /* Pods */ = {
			isa = PBXGroup;
			children = (
				023A474FDEFB5EDDEF9E6B4B /* Pods-SafelySent.debug.xcconfig */,
				225E5541B3FF2862A1046A35 /* Pods-SafelySent.release.xcconfig */,
				599F6C0DD368929BA305BE41 /* Pods-SafelySent-SafelySentUITests.debug.xcconfig */,
				3137183FD46CBB24FC96F421 /* Pods-SafelySent-SafelySentUITests.release.xcconfig */,
				AA6076E88D9DA8C1F2BD3B09 /* Pods-SafelySentTests.debug.xcconfig */,
				7B786638AF5A9B81277861C6 /* Pods-SafelySentTests.release.xcconfig */,
			);
			path = Pods;
			sourceTree = "<group>";
		};
/* End PBXGroup section */

/* Begin PBXNativeTarget section */
		ACA21EFC240CA5450041437C /* SafelySent */ = {
			isa = PBXNativeTarget;
			buildConfigurationList = ACA21F27240CA54B0041437C /* Build configuration list for PBXNativeTarget "SafelySent" */;
			buildPhases = (
				02B291AA295F92F126E543AA /* [CP] Check Pods Manifest.lock */,
				ACA21EF9240CA5450041437C /* Sources */,
				ACA21EFA240CA5450041437C /* Frameworks */,
				ACA21EFB240CA5450041437C /* Resources */,
				ABCC9DB10C0ECAE817A6691E /* [CP] Embed Pods Frameworks */,
				C8D5BD40EFC6BF27CBED48AC /* [CP] Copy Pods Resources */,
			);
			buildRules = (
			);
			dependencies = (
			);
			name = SafelySent;
			productName = SafelySent;
			productReference = ACA21EFD240CA5450041437C /* SafelySent.app */;
			productType = "com.apple.product-type.application";
		};
		ACA21F12240CA54B0041437C /* SafelySentTests */ = {
			isa = PBXNativeTarget;
			buildConfigurationList = ACA21F2A240CA54B0041437C /* Build configuration list for PBXNativeTarget "SafelySentTests" */;
			buildPhases = (
				CFE7672F8AC7483199FC78B5 /* [CP] Check Pods Manifest.lock */,
				ACA21F0F240CA54B0041437C /* Sources */,
				ACA21F10240CA54B0041437C /* Frameworks */,
				ACA21F11240CA54B0041437C /* Resources */,
			);
			buildRules = (
			);
			dependencies = (
				ACA21F15240CA54B0041437C /* PBXTargetDependency */,
			);
			name = SafelySentTests;
			productName = SafelySentTests;
			productReference = ACA21F13240CA54B0041437C /* SafelySentTests.xctest */;
			productType = "com.apple.product-type.bundle.unit-test";
		};
		ACA21F1D240CA54B0041437C /* SafelySentUITests */ = {
			isa = PBXNativeTarget;
			buildConfigurationList = ACA21F2D240CA54B0041437C /* Build configuration list for PBXNativeTarget "SafelySentUITests" */;
			buildPhases = (
				F0344889D650F91C0D396F67 /* [CP] Check Pods Manifest.lock */,
				ACA21F1A240CA54B0041437C /* Sources */,
				ACA21F1B240CA54B0041437C /* Frameworks */,
				ACA21F1C240CA54B0041437C /* Resources */,
				B8230A2308E1C951854C69F3 /* [CP] Embed Pods Frameworks */,
				38BE63F1227B8BD8FB779FB9 /* [CP] Copy Pods Resources */,
			);
			buildRules = (
			);
			dependencies = (
				ACA21F20240CA54B0041437C /* PBXTargetDependency */,
			);
			name = SafelySentUITests;
			productName = SafelySentUITests;
			productReference = ACA21F1E240CA54B0041437C /* SafelySentUITests.xctest */;
			productType = "com.apple.product-type.bundle.ui-testing";
		};
/* End PBXNativeTarget section */

/* Begin PBXProject section */
		ACA21EF5240CA5450041437C /* Project object */ = {
			isa = PBXProject;
			attributes = {
				LastSwiftUpdateCheck = 1130;
				LastUpgradeCheck = 1130;
				ORGANIZATIONNAME = "Galen Shirey";
				TargetAttributes = {
					ACA21EFC240CA5450041437C = {
						CreatedOnToolsVersion = 11.3.1;
					};
					ACA21F12240CA54B0041437C = {
						CreatedOnToolsVersion = 11.3.1;
						TestTargetID = ACA21EFC240CA5450041437C;
					};
					ACA21F1D240CA54B0041437C = {
						CreatedOnToolsVersion = 11.3.1;
						TestTargetID = ACA21EFC240CA5450041437C;
					};
				};
			};
			buildConfigurationList = ACA21EF8240CA5450041437C /* Build configuration list for PBXProject "SafelySent" */;
			compatibilityVersion = "Xcode 9.3";
			developmentRegion = en;
			hasScannedForEncodings = 0;
			knownRegions = (
				en,
				Base,
			);
			mainGroup = ACA21EF4240CA5450041437C;
			productRefGroup = ACA21EFE240CA5450041437C /* Products */;
			projectDirPath = "";
			projectRoot = "";
			targets = (
				ACA21EFC240CA5450041437C /* SafelySent */,
				ACA21F12240CA54B0041437C /* SafelySentTests */,
				ACA21F1D240CA54B0041437C /* SafelySentUITests */,
			);
		};
/* End PBXProject section */

/* Begin PBXResourcesBuildPhase section */
		ACA21EFB240CA5450041437C /* Resources */ = {
			isa = PBXResourcesBuildPhase;
			buildActionMask = 2147483647;
			files = (
				ACA21F31240CA60B0041437C /* GoogleService-Info.plist in Resources */,
				ACA21F0D240CA54A0041437C /* LaunchScreen.storyboard in Resources */,
				ACA21F0A240CA54A0041437C /* Assets.xcassets in Resources */,
				ACA21F08240CA5460041437C /* Main.storyboard in Resources */,
				ACD03916240CA9A30073F4E5 /* imgs in Resources */,
			);
			runOnlyForDeploymentPostprocessing = 0;
		};
		ACA21F11240CA54B0041437C /* Resources */ = {
			isa = PBXResourcesBuildPhase;
			buildActionMask = 2147483647;
			files = (
			);
			runOnlyForDeploymentPostprocessing = 0;
		};
		ACA21F1C240CA54B0041437C /* Resources */ = {
			isa = PBXResourcesBuildPhase;
			buildActionMask = 2147483647;
			files = (
			);
			runOnlyForDeploymentPostprocessing = 0;
		};
/* End PBXResourcesBuildPhase section */

/* Begin PBXShellScriptBuildPhase section */
		02B291AA295F92F126E543AA /* [CP] Check Pods Manifest.lock */ = {
			isa = PBXShellScriptBuildPhase;
			buildActionMask = 2147483647;
			files = (
			);
			inputFileListPaths = (
			);
			inputPaths = (
				"${PODS_PODFILE_DIR_PATH}/Podfile.lock",
				"${PODS_ROOT}/Manifest.lock",
			);
			name = "[CP] Check Pods Manifest.lock";
			outputFileListPaths = (
			);
			outputPaths = (
				"$(DERIVED_FILE_DIR)/Pods-SafelySent-checkManifestLockResult.txt",
			);
			runOnlyForDeploymentPostprocessing = 0;
			shellPath = /bin/sh;
			shellScript = "diff \"${PODS_PODFILE_DIR_PATH}/Podfile.lock\" \"${PODS_ROOT}/Manifest.lock\" > /dev/null\nif [ $? != 0 ] ; then\n    # print error to STDERR\n    echo \"error: The sandbox is not in sync with the Podfile.lock. Run 'pod install' or update your CocoaPods installation.\" >&2\n    exit 1\nfi\n# This output is used by Xcode 'outputs' to avoid re-running this script phase.\necho \"SUCCESS\" > \"${SCRIPT_OUTPUT_FILE_0}\"\n";
			showEnvVarsInLog = 0;
		};
		38BE63F1227B8BD8FB779FB9 /* [CP] Copy Pods Resources */ = {
			isa = PBXShellScriptBuildPhase;
			buildActionMask = 2147483647;
			files = (
			);
			inputFileListPaths = (
				"${PODS_ROOT}/Target Support Files/Pods-SafelySent-SafelySentUITests/Pods-SafelySent-SafelySentUITests-resources-${CONFIGURATION}-input-files.xcfilelist",
			);
			name = "[CP] Copy Pods Resources";
			outputFileListPaths = (
				"${PODS_ROOT}/Target Support Files/Pods-SafelySent-SafelySentUITests/Pods-SafelySent-SafelySentUITests-resources-${CONFIGURATION}-output-files.xcfilelist",
			);
			runOnlyForDeploymentPostprocessing = 0;
			shellPath = /bin/sh;
			shellScript = "\"${PODS_ROOT}/Target Support Files/Pods-SafelySent-SafelySentUITests/Pods-SafelySent-SafelySentUITests-resources.sh\"\n";
			showEnvVarsInLog = 0;
		};
		ABCC9DB10C0ECAE817A6691E /* [CP] Embed Pods Frameworks */ = {
			isa = PBXShellScriptBuildPhase;
			buildActionMask = 2147483647;
			files = (
			);
			inputFileListPaths = (
				"${PODS_ROOT}/Target Support Files/Pods-SafelySent/Pods-SafelySent-frameworks-${CONFIGURATION}-input-files.xcfilelist",
			);
			name = "[CP] Embed Pods Frameworks";
			outputFileListPaths = (
				"${PODS_ROOT}/Target Support Files/Pods-SafelySent/Pods-SafelySent-frameworks-${CONFIGURATION}-output-files.xcfilelist",
			);
			runOnlyForDeploymentPostprocessing = 0;
			shellPath = /bin/sh;
			shellScript = "\"${PODS_ROOT}/Target Support Files/Pods-SafelySent/Pods-SafelySent-frameworks.sh\"\n";
			showEnvVarsInLog = 0;
		};
		B8230A2308E1C951854C69F3 /* [CP] Embed Pods Frameworks */ = {
			isa = PBXShellScriptBuildPhase;
			buildActionMask = 2147483647;
			files = (
			);
			inputFileListPaths = (
				"${PODS_ROOT}/Target Support Files/Pods-SafelySent-SafelySentUITests/Pods-SafelySent-SafelySentUITests-frameworks-${CONFIGURATION}-input-files.xcfilelist",
			);
			name = "[CP] Embed Pods Frameworks";
			outputFileListPaths = (
				"${PODS_ROOT}/Target Support Files/Pods-SafelySent-SafelySentUITests/Pods-SafelySent-SafelySentUITests-frameworks-${CONFIGURATION}-output-files.xcfilelist",
			);
			runOnlyForDeploymentPostprocessing = 0;
			shellPath = /bin/sh;
			shellScript = "\"${PODS_ROOT}/Target Support Files/Pods-SafelySent-SafelySentUITests/Pods-SafelySent-SafelySentUITests-frameworks.sh\"\n";
			showEnvVarsInLog = 0;
		};
		C8D5BD40EFC6BF27CBED48AC /* [CP] Copy Pods Resources */ = {
			isa = PBXShellScriptBuildPhase;
			buildActionMask = 2147483647;
			files = (
			);
			inputFileListPaths = (
				"${PODS_ROOT}/Target Support Files/Pods-SafelySent/Pods-SafelySent-resources-${CONFIGURATION}-input-files.xcfilelist",
			);
			name = "[CP] Copy Pods Resources";
			outputFileListPaths = (
				"${PODS_ROOT}/Target Support Files/Pods-SafelySent/Pods-SafelySent-resources-${CONFIGURATION}-output-files.xcfilelist",
			);
			runOnlyForDeploymentPostprocessing = 0;
			shellPath = /bin/sh;
			shellScript = "\"${PODS_ROOT}/Target Support Files/Pods-SafelySent/Pods-SafelySent-resources.sh\"\n";
			showEnvVarsInLog = 0;
		};
		CFE7672F8AC7483199FC78B5 /* [CP] Check Pods Manifest.lock */ = {
			isa = PBXShellScriptBuildPhase;
			buildActionMask = 2147483647;
			files = (
			);
			inputFileListPaths = (
			);
			inputPaths = (
				"${PODS_PODFILE_DIR_PATH}/Podfile.lock",
				"${PODS_ROOT}/Manifest.lock",
			);
			name = "[CP] Check Pods Manifest.lock";
			outputFileListPaths = (
			);
			outputPaths = (
				"$(DERIVED_FILE_DIR)/Pods-SafelySentTests-checkManifestLockResult.txt",
			);
			runOnlyForDeploymentPostprocessing = 0;
			shellPath = /bin/sh;
			shellScript = "diff \"${PODS_PODFILE_DIR_PATH}/Podfile.lock\" \"${PODS_ROOT}/Manifest.lock\" > /dev/null\nif [ $? != 0 ] ; then\n    # print error to STDERR\n    echo \"error: The sandbox is not in sync with the Podfile.lock. Run 'pod install' or update your CocoaPods installation.\" >&2\n    exit 1\nfi\n# This output is used by Xcode 'outputs' to avoid re-running this script phase.\necho \"SUCCESS\" > \"${SCRIPT_OUTPUT_FILE_0}\"\n";
			showEnvVarsInLog = 0;
		};
		F0344889D650F91C0D396F67 /* [CP] Check Pods Manifest.lock */ = {
			isa = PBXShellScriptBuildPhase;
			buildActionMask = 2147483647;
			files = (
			);
			inputFileListPaths = (
			);
			inputPaths = (
				"${PODS_PODFILE_DIR_PATH}/Podfile.lock",
				"${PODS_ROOT}/Manifest.lock",
			);
			name = "[CP] Check Pods Manifest.lock";
			outputFileListPaths = (
			);
			outputPaths = (
				"$(DERIVED_FILE_DIR)/Pods-SafelySent-SafelySentUITests-checkManifestLockResult.txt",
			);
			runOnlyForDeploymentPostprocessing = 0;
			shellPath = /bin/sh;
			shellScript = "diff \"${PODS_PODFILE_DIR_PATH}/Podfile.lock\" \"${PODS_ROOT}/Manifest.lock\" > /dev/null\nif [ $? != 0 ] ; then\n    # print error to STDERR\n    echo \"error: The sandbox is not in sync with the Podfile.lock. Run 'pod install' or update your CocoaPods installation.\" >&2\n    exit 1\nfi\n# This output is used by Xcode 'outputs' to avoid re-running this script phase.\necho \"SUCCESS\" > \"${SCRIPT_OUTPUT_FILE_0}\"\n";
			showEnvVarsInLog = 0;
		};
/* End PBXShellScriptBuildPhase section */

/* Begin PBXSourcesBuildPhase section */
		ACA21EF9240CA5450041437C /* Sources */ = {
			isa = PBXSourcesBuildPhase;
			buildActionMask = 2147483647;
			files = (
				ACA21F05240CA5460041437C /* ViewController.swift in Sources */,
				ACA21F01240CA5460041437C /* AppDelegate.swift in Sources */,
				ACA21F03240CA5460041437C /* SceneDelegate.swift in Sources */,
			);
			runOnlyForDeploymentPostprocessing = 0;
		};
		ACA21F0F240CA54B0041437C /* Sources */ = {
			isa = PBXSourcesBuildPhase;
			buildActionMask = 2147483647;
			files = (
				ACA21F18240CA54B0041437C /* SafelySentTests.swift in Sources */,
			);
			runOnlyForDeploymentPostprocessing = 0;
		};
		ACA21F1A240CA54B0041437C /* Sources */ = {
			isa = PBXSourcesBuildPhase;
			buildActionMask = 2147483647;
			files = (
				ACA21F23240CA54B0041437C /* SafelySentUITests.swift in Sources */,
			);
			runOnlyForDeploymentPostprocessing = 0;
		};
/* End PBXSourcesBuildPhase section */

/* Begin PBXTargetDependency section */
		ACA21F15240CA54B0041437C /* PBXTargetDependency */ = {
			isa = PBXTargetDependency;
			target = ACA21EFC240CA5450041437C /* SafelySent */;
			targetProxy = ACA21F14240CA54B0041437C /* PBXContainerItemProxy */;
		};
		ACA21F20240CA54B0041437C /* PBXTargetDependency */ = {
			isa = PBXTargetDependency;
			target = ACA21EFC240CA5450041437C /* SafelySent */;
			targetProxy = ACA21F1F240CA54B0041437C /* PBXContainerItemProxy */;
		};
/* End PBXTargetDependency section */

/* Begin PBXVariantGroup section */
		ACA21F06240CA5460041437C /* Main.storyboard */ = {
			isa = PBXVariantGroup;
			children = (
				ACA21F07240CA5460041437C /* Base */,
			);
			name = Main.storyboard;
			sourceTree = "<group>";
		};
		ACA21F0B240CA54A0041437C /* LaunchScreen.storyboard */ = {
			isa = PBXVariantGroup;
			children = (
				ACA21F0C240CA54A0041437C /* Base */,
			);
			name = LaunchScreen.storyboard;
			sourceTree = "<group>";
		};
/* End PBXVariantGroup section */

/* Begin XCBuildConfiguration section */
		ACA21F25240CA54B0041437C /* Debug */ = {
			isa = XCBuildConfiguration;
			buildSettings = {
				ALWAYS_SEARCH_USER_PATHS = NO;
				CLANG_ANALYZER_NONNULL = YES;
				CLANG_ANALYZER_NUMBER_OBJECT_CONVERSION = YES_AGGRESSIVE;
				CLANG_CXX_LANGUAGE_STANDARD = "gnu++14";
				CLANG_CXX_LIBRARY = "libc++";
				CLANG_ENABLE_MODULES = YES;
				CLANG_ENABLE_OBJC_ARC = YES;
				CLANG_ENABLE_OBJC_WEAK = YES;
				CLANG_WARN_BLOCK_CAPTURE_AUTORELEASING = YES;
				CLANG_WARN_BOOL_CONVERSION = YES;
				CLANG_WARN_COMMA = YES;
				CLANG_WARN_CONSTANT_CONVERSION = YES;
				CLANG_WARN_DEPRECATED_OBJC_IMPLEMENTATIONS = YES;
				CLANG_WARN_DIRECT_OBJC_ISA_USAGE = YES_ERROR;
				CLANG_WARN_DOCUMENTATION_COMMENTS = YES;
				CLANG_WARN_EMPTY_BODY = YES;
				CLANG_WARN_ENUM_CONVERSION = YES;
				CLANG_WARN_INFINITE_RECURSION = YES;
				CLANG_WARN_INT_CONVERSION = YES;
				CLANG_WARN_NON_LITERAL_NULL_CONVERSION = YES;
				CLANG_WARN_OBJC_IMPLICIT_RETAIN_SELF = YES;
				CLANG_WARN_OBJC_LITERAL_CONVERSION = YES;
				CLANG_WARN_OBJC_ROOT_CLASS = YES_ERROR;
				CLANG_WARN_RANGE_LOOP_ANALYSIS = YES;
				CLANG_WARN_STRICT_PROTOTYPES = YES;
				CLANG_WARN_SUSPICIOUS_MOVE = YES;
				CLANG_WARN_UNGUARDED_AVAILABILITY = YES_AGGRESSIVE;
				CLANG_WARN_UNREACHABLE_CODE = YES;
				CLANG_WARN__DUPLICATE_METHOD_MATCH = YES;
				COPY_PHASE_STRIP = NO;
				DEBUG_INFORMATION_FORMAT = dwarf;
				ENABLE_STRICT_OBJC_MSGSEND = YES;
				ENABLE_TESTABILITY = YES;
				GCC_C_LANGUAGE_STANDARD = gnu11;
				GCC_DYNAMIC_NO_PIC = NO;
				GCC_NO_COMMON_BLOCKS = YES;
				GCC_OPTIMIZATION_LEVEL = 0;
				GCC_PREPROCESSOR_DEFINITIONS = (
					"DEBUG=1",
					"$(inherited)",
				);
				GCC_WARN_64_TO_32_BIT_CONVERSION = YES;
				GCC_WARN_ABOUT_RETURN_TYPE = YES_ERROR;
				GCC_WARN_UNDECLARED_SELECTOR = YES;
				GCC_WARN_UNINITIALIZED_AUTOS = YES_AGGRESSIVE;
				GCC_WARN_UNUSED_FUNCTION = YES;
				GCC_WARN_UNUSED_VARIABLE = YES;
				IPHONEOS_DEPLOYMENT_TARGET = 13.2;
				MTL_ENABLE_DEBUG_INFO = INCLUDE_SOURCE;
				MTL_FAST_MATH = YES;
				ONLY_ACTIVE_ARCH = YES;
				SDKROOT = iphoneos;
				SWIFT_ACTIVE_COMPILATION_CONDITIONS = DEBUG;
				SWIFT_OPTIMIZATION_LEVEL = "-Onone";
			};
			name = Debug;
		};
		ACA21F26240CA54B0041437C /* Release */ = {
			isa = XCBuildConfiguration;
			buildSettings = {
				ALWAYS_SEARCH_USER_PATHS = NO;
				CLANG_ANALYZER_NONNULL = YES;
				CLANG_ANALYZER_NUMBER_OBJECT_CONVERSION = YES_AGGRESSIVE;
				CLANG_CXX_LANGUAGE_STANDARD = "gnu++14";
				CLANG_CXX_LIBRARY = "libc++";
				CLANG_ENABLE_MODULES = YES;
				CLANG_ENABLE_OBJC_ARC = YES;
				CLANG_ENABLE_OBJC_WEAK = YES;
				CLANG_WARN_BLOCK_CAPTURE_AUTORELEASING = YES;
				CLANG_WARN_BOOL_CONVERSION = YES;
				CLANG_WARN_COMMA = YES;
				CLANG_WARN_CONSTANT_CONVERSION = YES;
				CLANG_WARN_DEPRECATED_OBJC_IMPLEMENTATIONS = YES;
				CLANG_WARN_DIRECT_OBJC_ISA_USAGE = YES_ERROR;
				CLANG_WARN_DOCUMENTATION_COMMENTS = YES;
				CLANG_WARN_EMPTY_BODY = YES;
				CLANG_WARN_ENUM_CONVERSION = YES;
				CLANG_WARN_INFINITE_RECURSION = YES;
				CLANG_WARN_INT_CONVERSION = YES;
				CLANG_WARN_NON_LITERAL_NULL_CONVERSION = YES;
				CLANG_WARN_OBJC_IMPLICIT_RETAIN_SELF = YES;
				CLANG_WARN_OBJC_LITERAL_CONVERSION = YES;
				CLANG_WARN_OBJC_ROOT_CLASS = YES_ERROR;
				CLANG_WARN_RANGE_LOOP_ANALYSIS = YES;
				CLANG_WARN_STRICT_PROTOTYPES = YES;
				CLANG_WARN_SUSPICIOUS_MOVE = YES;
				CLANG_WARN_UNGUARDED_AVAILABILITY = YES_AGGRESSIVE;
				CLANG_WARN_UNREACHABLE_CODE = YES;
				CLANG_WARN__DUPLICATE_METHOD_MATCH = YES;
				COPY_PHASE_STRIP = NO;
				DEBUG_INFORMATION_FORMAT = "dwarf-with-dsym";
				ENABLE_NS_ASSERTIONS = NO;
				ENABLE_STRICT_OBJC_MSGSEND = YES;
				GCC_C_LANGUAGE_STANDARD = gnu11;
				GCC_NO_COMMON_BLOCKS = YES;
				GCC_WARN_64_TO_32_BIT_CONVERSION = YES;
				GCC_WARN_ABOUT_RETURN_TYPE = YES_ERROR;
				GCC_WARN_UNDECLARED_SELECTOR = YES;
				GCC_WARN_UNINITIALIZED_AUTOS = YES_AGGRESSIVE;
				GCC_WARN_UNUSED_FUNCTION = YES;
				GCC_WARN_UNUSED_VARIABLE = YES;
				IPHONEOS_DEPLOYMENT_TARGET = 13.2;
				MTL_ENABLE_DEBUG_INFO = NO;
				MTL_FAST_MATH = YES;
				SDKROOT = iphoneos;
				SWIFT_COMPILATION_MODE = wholemodule;
				SWIFT_OPTIMIZATION_LEVEL = "-O";
				VALIDATE_PRODUCT = YES;
			};
			name = Release;
		};
		ACA21F28240CA54B0041437C /* Debug */ = {
			isa = XCBuildConfiguration;
			baseConfigurationReference = 023A474FDEFB5EDDEF9E6B4B /* Pods-SafelySent.debug.xcconfig */;
			buildSettings = {
				ASSETCATALOG_COMPILER_APPICON_NAME = AppIcon;
				CODE_SIGN_STYLE = Automatic;
				DEVELOPMENT_TEAM = 98QW3MX75U;
				INFOPLIST_FILE = SafelySent/Info.plist;
				LD_RUNPATH_SEARCH_PATHS = (
					"$(inherited)",
					"@executable_path/Frameworks",
				);
				PRODUCT_BUNDLE_IDENTIFIER = SafelySent.SafelySent;
				PRODUCT_NAME = "$(TARGET_NAME)";
				SWIFT_VERSION = 5.0;
				TARGETED_DEVICE_FAMILY = "1,2";
			};
			name = Debug;
		};
		ACA21F29240CA54B0041437C /* Release */ = {
			isa = XCBuildConfiguration;
			baseConfigurationReference = 225E5541B3FF2862A1046A35 /* Pods-SafelySent.release.xcconfig */;
			buildSettings = {
				ASSETCATALOG_COMPILER_APPICON_NAME = AppIcon;
				CODE_SIGN_STYLE = Automatic;
				DEVELOPMENT_TEAM = 98QW3MX75U;
				INFOPLIST_FILE = SafelySent/Info.plist;
				LD_RUNPATH_SEARCH_PATHS = (
					"$(inherited)",
					"@executable_path/Frameworks",
				);
				PRODUCT_BUNDLE_IDENTIFIER = SafelySent.SafelySent;
				PRODUCT_NAME = "$(TARGET_NAME)";
				SWIFT_VERSION = 5.0;
				TARGETED_DEVICE_FAMILY = "1,2";
			};
			name = Release;
		};
		ACA21F2B240CA54B0041437C /* Debug */ = {
			isa = XCBuildConfiguration;
			baseConfigurationReference = AA6076E88D9DA8C1F2BD3B09 /* Pods-SafelySentTests.debug.xcconfig */;
			buildSettings = {
				ALWAYS_EMBED_SWIFT_STANDARD_LIBRARIES = YES;
				BUNDLE_LOADER = "$(TEST_HOST)";
				CODE_SIGN_STYLE = Automatic;
				DEVELOPMENT_TEAM = 98QW3MX75U;
				INFOPLIST_FILE = SafelySentTests/Info.plist;
				IPHONEOS_DEPLOYMENT_TARGET = 13.2;
				LD_RUNPATH_SEARCH_PATHS = (
					"$(inherited)",
					"@executable_path/Frameworks",
					"@loader_path/Frameworks",
				);
				PRODUCT_BUNDLE_IDENTIFIER = SafelySent.SafelySentTests;
				PRODUCT_NAME = "$(TARGET_NAME)";
				SWIFT_VERSION = 5.0;
				TARGETED_DEVICE_FAMILY = "1,2";
				TEST_HOST = "$(BUILT_PRODUCTS_DIR)/SafelySent.app/SafelySent";
			};
			name = Debug;
		};
		ACA21F2C240CA54B0041437C /* Release */ = {
			isa = XCBuildConfiguration;
			baseConfigurationReference = 7B786638AF5A9B81277861C6 /* Pods-SafelySentTests.release.xcconfig */;
			buildSettings = {
				ALWAYS_EMBED_SWIFT_STANDARD_LIBRARIES = YES;
				BUNDLE_LOADER = "$(TEST_HOST)";
				CODE_SIGN_STYLE = Automatic;
				DEVELOPMENT_TEAM = 98QW3MX75U;
				INFOPLIST_FILE = SafelySentTests/Info.plist;
				IPHONEOS_DEPLOYMENT_TARGET = 13.2;
				LD_RUNPATH_SEARCH_PATHS = (
					"$(inherited)",
					"@executable_path/Frameworks",
					"@loader_path/Frameworks",
				);
				PRODUCT_BUNDLE_IDENTIFIER = SafelySent.SafelySentTests;
				PRODUCT_NAME = "$(TARGET_NAME)";
				SWIFT_VERSION = 5.0;
				TARGETED_DEVICE_FAMILY = "1,2";
				TEST_HOST = "$(BUILT_PRODUCTS_DIR)/SafelySent.app/SafelySent";
			};
			name = Release;
		};
		ACA21F2E240CA54B0041437C /* Debug */ = {
			isa = XCBuildConfiguration;
			baseConfigurationReference = 599F6C0DD368929BA305BE41 /* Pods-SafelySent-SafelySentUITests.debug.xcconfig */;
			buildSettings = {
				ALWAYS_EMBED_SWIFT_STANDARD_LIBRARIES = YES;
				CODE_SIGN_STYLE = Automatic;
				DEVELOPMENT_TEAM = 98QW3MX75U;
				INFOPLIST_FILE = SafelySentUITests/Info.plist;
				LD_RUNPATH_SEARCH_PATHS = (
					"$(inherited)",
					"@executable_path/Frameworks",
					"@loader_path/Frameworks",
				);
				PRODUCT_BUNDLE_IDENTIFIER = SafelySent.SafelySentUITests;
				PRODUCT_NAME = "$(TARGET_NAME)";
				SWIFT_VERSION = 5.0;
				TARGETED_DEVICE_FAMILY = "1,2";
				TEST_TARGET_NAME = SafelySent;
			};
			name = Debug;
		};
		ACA21F2F240CA54B0041437C /* Release */ = {
			isa = XCBuildConfiguration;
			baseConfigurationReference = 3137183FD46CBB24FC96F421 /* Pods-SafelySent-SafelySentUITests.release.xcconfig */;
			buildSettings = {
				ALWAYS_EMBED_SWIFT_STANDARD_LIBRARIES = YES;
				CODE_SIGN_STYLE = Automatic;
				DEVELOPMENT_TEAM = 98QW3MX75U;
				INFOPLIST_FILE = SafelySentUITests/Info.plist;
				LD_RUNPATH_SEARCH_PATHS = (
					"$(inherited)",
					"@executable_path/Frameworks",
					"@loader_path/Frameworks",
				);
				PRODUCT_BUNDLE_IDENTIFIER = SafelySent.SafelySentUITests;
				PRODUCT_NAME = "$(TARGET_NAME)";
				SWIFT_VERSION = 5.0;
				TARGETED_DEVICE_FAMILY = "1,2";
				TEST_TARGET_NAME = SafelySent;
			};
			name = Release;
		};
/* End XCBuildConfiguration section */

/* Begin XCConfigurationList section */
		ACA21EF8240CA5450041437C /* Build configuration list for PBXProject "SafelySent" */ = {
			isa = XCConfigurationList;
			buildConfigurations = (
				ACA21F25240CA54B0041437C /* Debug */,
				ACA21F26240CA54B0041437C /* Release */,
			);
			defaultConfigurationIsVisible = 0;
			defaultConfigurationName = Release;
		};
		ACA21F27240CA54B0041437C /* Build configuration list for PBXNativeTarget "SafelySent" */ = {
			isa = XCConfigurationList;
			buildConfigurations = (
				ACA21F28240CA54B0041437C /* Debug */,
				ACA21F29240CA54B0041437C /* Release */,
			);
			defaultConfigurationIsVisible = 0;
			defaultConfigurationName = Release;
		};
		ACA21F2A240CA54B0041437C /* Build configuration list for PBXNativeTarget "SafelySentTests" */ = {
			isa = XCConfigurationList;
			buildConfigurations = (
				ACA21F2B240CA54B0041437C /* Debug */,
				ACA21F2C240CA54B0041437C /* Release */,
			);
			defaultConfigurationIsVisible = 0;
			defaultConfigurationName = Release;
		};
		ACA21F2D240CA54B0041437C /* Build configuration list for PBXNativeTarget "SafelySentUITests" */ = {
			isa = XCConfigurationList;
			buildConfigurations = (
				ACA21F2E240CA54B0041437C /* Debug */,
				ACA21F2F240CA54B0041437C /* Release */,
			);
			defaultConfigurationIsVisible = 0;
			defaultConfigurationName = Release;
		};
/* End XCConfigurationList section */
	};
	rootObject = ACA21EF5240CA5450041437C /* Project object */;
}
